
Microsoft Visual Studio Solution File, Format Version 12.00
# Visual Studio Version 16
VisualStudioVersion = 16.0.34114.132
MinimumVisualStudioVersion = 10.0.40219.1
Project("{FAE04EC0-301F-11D3-BF4B-00C04F79EFBC}") = "onlineschoolapplication", "onlineschoolapplication.csproj", "{BC76A502-1B7A-4B7F-800E-22FB8964618D}"
EndProject
Global
	GlobalSection(SolutionConfigurationPlatforms) = preSolution
		Debug|Any CPU = Debug|Any CPU
		Release|Any CPU = Release|Any CPU
	EndGlobalSection
	GlobalSection(ProjectConfigurationPlatforms) = postSolution
		{BC76A502-1B7A-4B7F-800E-22FB8964618D}.Debug|Any CPU.ActiveCfg = Debug|Any CPU
		{BC76A502-1B7A-4B7F-800E-22FB8964618D}.Debug|Any CPU.Build.0 = Debug|Any CPU
		{BC76A502-1B7A-4B7F-800E-22FB8964618D}.Release|Any CPU.ActiveCfg = Release|Any CPU
		{BC76A502-1B7A-4B7F-800E-22FB8964618D}.Release|Any CPU.Build.0 = Release|Any CPU
	EndGlobalSection
	GlobalSection(SolutionProperties) = preSolution
		HideSolutionNode = FALSE
	EndGlobalSection
	GlobalSection(ExtensibilityGlobals) = postSolution
		SolutionGuid = {1776E366-65AD-41BC-B455-1FDDEFAFF44F}
	EndGlobalSection
EndGlobal
